
Microsoft Visual Studio Solution File, Format Version 12.00
# Visual Studio 15
VisualStudioVersion = 15.0.27703.2042
MinimumVisualStudioVersion = 10.0.40219.1
Project("{9A19103F-16F7-4668-BE54-9A1E7A4F7556}") = "Fast.Api", "Fast.Api.csproj", "{68B3FA2F-3A91-4948-83AF-76DD6A97AA2E}"
EndProject
Project("{9A19103F-16F7-4668-BE54-9A1E7A4F7556}") = "TestApi", "TestApi\TestApi.csproj", "{6A15F970-39FB-41E7-AD19-9D31D0FAE2F4}"
EndProject
Global
	GlobalSection(SolutionConfigurationPlatforms) = preSolution
		Debug|Any CPU = Debug|Any CPU
		Release|Any CPU = Release|Any CPU
	EndGlobalSection
	GlobalSection(ProjectConfigurationPlatforms) = postSolution
		{68B3FA2F-3A91-4948-83AF-76DD6A97AA2E}.Debug|Any CPU.ActiveCfg = Debug|Any CPU
		{68B3FA2F-3A91-4948-83AF-76DD6A97AA2E}.Debug|Any CPU.Build.0 = Debug|Any CPU
		{68B3FA2F-3A91-4948-83AF-76DD6A97AA2E}.Release|Any CPU.ActiveCfg = Release|Any CPU
		{68B3FA2F-3A91-4948-83AF-76DD6A97AA2E}.Release|Any CPU.Build.0 = Release|Any CPU
		{6A15F970-39FB-41E7-AD19-9D31D0FAE2F4}.Debug|Any CPU.ActiveCfg = Debug|Any CPU
		{6A15F970-39FB-41E7-AD19-9D31D0FAE2F4}.Debug|Any CPU.Build.0 = Debug|Any CPU
		{6A15F970-39FB-41E7-AD19-9D31D0FAE2F4}.Release|Any CPU.ActiveCfg = Release|Any CPU
		{6A15F970-39FB-41E7-AD19-9D31D0FAE2F4}.Release|Any CPU.Build.0 = Release|Any CPU
	EndGlobalSection
	GlobalSection(SolutionProperties) = preSolution
		HideSolutionNode = FALSE
	EndGlobalSection
	GlobalSection(ExtensibilityGlobals) = postSolution
		SolutionGuid = {8660DFF8-63BF-41FE-9719-E2EC90484FB9}
	EndGlobalSection
EndGlobal
