
Microsoft Visual Studio Solution File, Format Version 12.00
# Visual Studio 15
VisualStudioVersion = 15.0.28307.645
MinimumVisualStudioVersion = 10.0.40219.1
Project("{9A19103F-16F7-4668-BE54-9A1E7A4F7556}") = "Fast.Api", "Fast.Api\Fast.Api.csproj", "{20F6CF79-21FE-4C6D-978F-9926BEB282D7}"
EndProject
Project("{9A19103F-16F7-4668-BE54-9A1E7A4F7556}") = "Fast.Api.Web", "Fast.Api.Web\Fast.Api.Web.csproj", "{B991CBFD-EFA4-4954-82EE-8211051DB955}"
EndProject
Global
	GlobalSection(SolutionConfigurationPlatforms) = preSolution
		Debug|Any CPU = Debug|Any CPU
		Release|Any CPU = Release|Any CPU
	EndGlobalSection
	GlobalSection(ProjectConfigurationPlatforms) = postSolution
		{20F6CF79-21FE-4C6D-978F-9926BEB282D7}.Debug|Any CPU.ActiveCfg = Debug|Any CPU
		{20F6CF79-21FE-4C6D-978F-9926BEB282D7}.Debug|Any CPU.Build.0 = Debug|Any CPU
		{20F6CF79-21FE-4C6D-978F-9926BEB282D7}.Release|Any CPU.ActiveCfg = Release|Any CPU
		{20F6CF79-21FE-4C6D-978F-9926BEB282D7}.Release|Any CPU.Build.0 = Release|Any CPU
		{B991CBFD-EFA4-4954-82EE-8211051DB955}.Debug|Any CPU.ActiveCfg = Debug|Any CPU
		{B991CBFD-EFA4-4954-82EE-8211051DB955}.Debug|Any CPU.Build.0 = Debug|Any CPU
		{B991CBFD-EFA4-4954-82EE-8211051DB955}.Release|Any CPU.ActiveCfg = Release|Any CPU
		{B991CBFD-EFA4-4954-82EE-8211051DB955}.Release|Any CPU.Build.0 = Release|Any CPU
	EndGlobalSection
	GlobalSection(SolutionProperties) = preSolution
		HideSolutionNode = FALSE
	EndGlobalSection
	GlobalSection(ExtensibilityGlobals) = postSolution
		SolutionGuid = {A0C1714B-67E3-4D13-AFAC-D105C79AFB92}
	EndGlobalSection
EndGlobal
